
Microsoft Visual Studio Solution File, Format Version 12.00
# Visual Studio 15
VisualStudioVersion = 15.0.28307.572
MinimumVisualStudioVersion = 10.0.40219.1
Project("{FAE04EC0-301F-11D3-BF4B-00C04F79EFBC}") = "MercedesBenz.Models", "MercedesBenz.Models\MercedesBenz.Models.csproj", "{F80E5D76-3469-4F75-BF94-888CB07B8B30}"
EndProject
Project("{FAE04EC0-301F-11D3-BF4B-00C04F79EFBC}") = "MercedesBenz.SystemTask", "MercedesBenz.SystemTask\MercedesBenz.SystemTask.csproj", "{94E83DB3-616E-4A35-821A-4235C8785E8A}"
EndProject
Project("{FAE04EC0-301F-11D3-BF4B-00C04F79EFBC}") = "MercedesBenz.Console", "MercedesBenz.Console\MercedesBenz.Console.csproj", "{313AE4B6-037A-41B5-85D3-93EBECAC3F35}"
EndProject
Project("{FAE04EC0-301F-11D3-BF4B-00C04F79EFBC}") = "MercedesBenz.Infrastructure", "MercedesBenz.Infrastructure\MercedesBenz.Infrastructure.csproj", "{3718DBE7-8CA1-46FA-A133-7F90FC01456F}"
EndProject
Global
	GlobalSection(SolutionConfigurationPlatforms) = preSolution
		Debug|Any CPU = Debug|Any CPU
		Release|Any CPU = Release|Any CPU
	EndGlobalSection
	GlobalSection(ProjectConfigurationPlatforms) = postSolution
		{F80E5D76-3469-4F75-BF94-888CB07B8B30}.Debug|Any CPU.ActiveCfg = Debug|Any CPU
		{F80E5D76-3469-4F75-BF94-888CB07B8B30}.Debug|Any CPU.Build.0 = Debug|Any CPU
		{F80E5D76-3469-4F75-BF94-888CB07B8B30}.Release|Any CPU.ActiveCfg = Release|Any CPU
		{F80E5D76-3469-4F75-BF94-888CB07B8B30}.Release|Any CPU.Build.0 = Release|Any CPU
		{94E83DB3-616E-4A35-821A-4235C8785E8A}.Debug|Any CPU.ActiveCfg = Debug|Any CPU
		{94E83DB3-616E-4A35-821A-4235C8785E8A}.Debug|Any CPU.Build.0 = Debug|Any CPU
		{94E83DB3-616E-4A35-821A-4235C8785E8A}.Release|Any CPU.ActiveCfg = Release|Any CPU
		{94E83DB3-616E-4A35-821A-4235C8785E8A}.Release|Any CPU.Build.0 = Release|Any CPU
		{313AE4B6-037A-41B5-85D3-93EBECAC3F35}.Debug|Any CPU.ActiveCfg = Debug|Any CPU
		{313AE4B6-037A-41B5-85D3-93EBECAC3F35}.Debug|Any CPU.Build.0 = Debug|Any CPU
		{313AE4B6-037A-41B5-85D3-93EBECAC3F35}.Release|Any CPU.ActiveCfg = Release|Any CPU
		{313AE4B6-037A-41B5-85D3-93EBECAC3F35}.Release|Any CPU.Build.0 = Release|Any CPU
		{3718DBE7-8CA1-46FA-A133-7F90FC01456F}.Debug|Any CPU.ActiveCfg = Debug|Any CPU
		{3718DBE7-8CA1-46FA-A133-7F90FC01456F}.Debug|Any CPU.Build.0 = Debug|Any CPU
		{3718DBE7-8CA1-46FA-A133-7F90FC01456F}.Release|Any CPU.ActiveCfg = Release|Any CPU
		{3718DBE7-8CA1-46FA-A133-7F90FC01456F}.Release|Any CPU.Build.0 = Release|Any CPU
	EndGlobalSection
	GlobalSection(SolutionProperties) = preSolution
		HideSolutionNode = FALSE
	EndGlobalSection
	GlobalSection(ExtensibilityGlobals) = postSolution
		SolutionGuid = {C4B13594-EB8C-48BB-BEA4-17836D264CF2}
	EndGlobalSection
EndGlobal
